{
  "version": 4,
  "terraform_version": "1.3.6",
  "serial": 43,
  "lineage": "3aad0b7b-1961-e5a1-540e-5bcd77a6fe07",
  "outputs": {
    "all_users": {
      "value": [
        "arn:aws:iam::594311320189:user/mor",
        "arn:aws:iam::594311320189:user/neo",
        "arn:aws:iam::594311320189:user/tri"
      ],
      "type": [
        "tuple",
        [
          "string",
          "string",
          "string"
        ]
      ]
    }
  },
  "resources": [
    {
      "mode": "managed",
      "type": "aws_iam_user",
      "name": "example",
      "provider": "provider[\"registry.terraform.io/hashicorp/aws\"]",
      "instances": [
        {
          "index_key": "mor",
          "schema_version": 0,
          "attributes": {
            "arn": "arn:aws:iam::594311320189:user/mor",
            "force_destroy": false,
            "id": "mor",
            "name": "mor",
            "path": "/",
            "permissions_boundary": null,
            "tags": null,
            "tags_all": {},
            "unique_id": "AIDAYUX5XCJ6WTLRD5GQQ"
          },
          "sensitive_attributes": [],
          "private": "bnVsbA=="
        },
        {
          "index_key": "neo",
          "schema_version": 0,
          "attributes": {
            "arn": "arn:aws:iam::594311320189:user/neo",
            "force_destroy": false,
            "id": "neo",
            "name": "neo",
            "path": "/",
            "permissions_boundary": null,
            "tags": null,
            "tags_all": {},
            "unique_id": "AIDAYUX5XCJ6ZQ67M7F73"
          },
          "sensitive_attributes": [],
          "private": "bnVsbA=="
        },
        {
          "index_key": "tri",
          "schema_version": 0,
          "attributes": {
            "arn": "arn:aws:iam::594311320189:user/tri",
            "force_destroy": false,
            "id": "tri",
            "name": "tri",
            "path": "/",
            "permissions_boundary": null,
            "tags": null,
            "tags_all": {},
            "unique_id": "AIDAYUX5XCJ63KP2USQSR"
          },
          "sensitive_attributes": [],
          "private": "bnVsbA=="
        }
      ]
    }
  ],
  "check_results": null
}
