{
  "version": 4,
  "terraform_version": "1.3.6",
  "serial": 66,
  "lineage": "d8208646-24d1-79e7-b3f9-9ca5796fccf2",
  "outputs": {
    "alb_dns_name": {
      "value": "webserver-stage-alb-exam-527415821.ap-northeast-2.elb.amazonaws.com",
      "type": "string"
    }
  },
  "resources": [
    {
      "mode": "managed",
      "type": "aws_security_group_rule",
      "name": "allow_testing_inbound",
      "provider": "provider[\"registry.terraform.io/hashicorp/aws\"]",
      "instances": [
        {
          "schema_version": 2,
          "attributes": {
            "cidr_blocks": [
              "0.0.0.0/0"
            ],
            "description": null,
            "from_port": 1234,
            "id": "sgrule-2618645715",
            "ipv6_cidr_blocks": null,
            "prefix_list_ids": null,
            "protocol": "tcp",
            "security_group_id": "sg-0b6b341057826aa58",
            "security_group_rule_id": "sgr-0f8aa7cd3f457a427",
            "self": false,
            "source_security_group_id": null,
            "timeouts": null,
            "to_port": 1234,
            "type": "ingress"
          },
          "sensitive_attributes": [],
          "private": "eyJlMmJmYjczMC1lY2FhLTExZTYtOGY4OC0zNDM2M2JjN2M0YzAiOnsiY3JlYXRlIjozMDAwMDAwMDAwMDB9LCJzY2hlbWFfdmVyc2lvbiI6IjIifQ==",
          "dependencies": [
            "module.webserver_cluster.aws_security_group.alb"
          ]
        }
      ]
    },
    {
      "module": "module.webserver_cluster",
      "mode": "data",
      "type": "aws_subnets",
      "name": "default",
      "provider": "provider[\"registry.terraform.io/hashicorp/aws\"]",
      "instances": [
        {
          "schema_version": 0,
          "attributes": {
            "filter": null,
            "id": "ap-northeast-2",
            "ids": [
              "subnet-04d9e759732c38938",
              "subnet-0ca46d98c9f04910a",
              "subnet-059f5a923cafcf992",
              "subnet-06a4d52474aa7cba7"
            ],
            "tags": null,
            "timeouts": null
          },
          "sensitive_attributes": []
        }
      ]
    },
    {
      "module": "module.webserver_cluster",
      "mode": "data",
      "type": "aws_vpc",
      "name": "default",
      "provider": "provider[\"registry.terraform.io/hashicorp/aws\"]",
      "instances": [
        {
          "schema_version": 0,
          "attributes": {
            "arn": "arn:aws:ec2:ap-northeast-2:594311320189:vpc/vpc-05244b44fae14387b",
            "cidr_block": "172.31.0.0/16",
            "cidr_block_associations": [
              {
                "association_id": "vpc-cidr-assoc-0736c8db08d03d57a",
                "cidr_block": "172.31.0.0/16",
                "state": "associated"
              }
            ],
            "default": true,
            "dhcp_options_id": "dopt-04d009bd2da6a28f8",
            "enable_dns_hostnames": true,
            "enable_dns_support": true,
            "enable_network_address_usage_metrics": false,
            "filter": null,
            "id": "vpc-05244b44fae14387b",
            "instance_tenancy": "default",
            "ipv6_association_id": "",
            "ipv6_cidr_block": "",
            "main_route_table_id": "rtb-02c54f3d004124d2a",
            "owner_id": "594311320189",
            "state": null,
            "tags": {},
            "timeouts": null
          },
          "sensitive_attributes": []
        }
      ]
    },
    {
      "module": "module.webserver_cluster",
      "mode": "data",
      "type": "template_file",
      "name": "user_data",
      "provider": "provider[\"registry.terraform.io/hashicorp/template\"]",
      "instances": [
        {
          "schema_version": 0,
          "attributes": {
            "filename": null,
            "id": "1433725e2341af4094eb361627d406eebd6f29cd4b943a91785c28ad7d3d9c2f",
            "rendered": "#!/bin/bash\n\ncat \u003e index.html \u003c\u003c EOF\n\u003ch1\u003eHello, world!\u003c/h1\u003e\n\u003cp\u003eDB address : tf-up-and-running20230211125533538100000001.cnndokj3t00q.ap-northeast-2.rds.amazonaws.com\u003c/p\u003e\n\u003cp\u003eDB port: 3306 \u003c/p\u003e\nEOF\n\nnohup busybox httpd -f -p 8080 \u0026\n",
            "template": "#!/bin/bash\n\ncat \u003e index.html \u003c\u003c EOF\n\u003ch1\u003eHello, world!\u003c/h1\u003e\n\u003cp\u003eDB address : ${db_address}\u003c/p\u003e\n\u003cp\u003eDB port: ${db_port} \u003c/p\u003e\nEOF\n\nnohup busybox httpd -f -p ${server_port} \u0026\n",
            "vars": {
              "db_address": "tf-up-and-running20230211125533538100000001.cnndokj3t00q.ap-northeast-2.rds.amazonaws.com",
              "db_port": "3306",
              "server_port": "8080"
            }
          },
          "sensitive_attributes": []
        }
      ]
    },
    {
      "module": "module.webserver_cluster",
      "mode": "data",
      "type": "terraform_remote_state",
      "name": "db",
      "provider": "provider[\"terraform.io/builtin/terraform\"]",
      "instances": [
        {
          "schema_version": 0,
          "attributes": {
            "backend": "s3",
            "config": {
              "value": {
                "bucket": "tf-prac-backend-s3-kkh",
                "key": "stage/data-stores/mysql/terraform.tfstate",
                "region": "ap-northeast-2"
              },
              "type": [
                "object",
                {
                  "bucket": "string",
                  "key": "string",
                  "region": "string"
                }
              ]
            },
            "defaults": null,
            "outputs": {
              "value": {
                "address": "tf-up-and-running20230211125533538100000001.cnndokj3t00q.ap-northeast-2.rds.amazonaws.com",
                "port": 3306
              },
              "type": [
                "object",
                {
                  "address": "string",
                  "port": "number"
                }
              ]
            },
            "workspace": null
          },
          "sensitive_attributes": []
        }
      ]
    },
    {
      "module": "module.webserver_cluster",
      "mode": "managed",
      "type": "aws_autoscaling_group",
      "name": "asg_exam",
      "provider": "provider[\"registry.terraform.io/hashicorp/aws\"]",
      "instances": [
        {
          "schema_version": 0,
          "attributes": {
            "arn": "arn:aws:autoscaling:ap-northeast-2:594311320189:autoScalingGroup:590476a0-4b22-4e6c-a982-0eb180c0b7d9:autoScalingGroupName/terraform-20230211170402366400000002",
            "availability_zones": [
              "ap-northeast-2a",
              "ap-northeast-2b",
              "ap-northeast-2c",
              "ap-northeast-2d"
            ],
            "capacity_rebalance": false,
            "context": "",
            "default_cooldown": 300,
            "default_instance_warmup": 0,
            "desired_capacity": 2,
            "desired_capacity_type": "",
            "enabled_metrics": null,
            "force_delete": false,
            "force_delete_warm_pool": false,
            "health_check_grace_period": 300,
            "health_check_type": "ELB",
            "id": "terraform-20230211170402366400000002",
            "initial_lifecycle_hook": [],
            "instance_refresh": [],
            "launch_configuration": "terraform-20230211170401786800000001",
            "launch_template": [],
            "load_balancers": null,
            "max_instance_lifetime": 0,
            "max_size": 2,
            "metrics_granularity": "1Minute",
            "min_elb_capacity": null,
            "min_size": 2,
            "mixed_instances_policy": [],
            "name": "terraform-20230211170402366400000002",
            "name_prefix": "terraform-",
            "placement_group": "",
            "protect_from_scale_in": false,
            "service_linked_role_arn": "arn:aws:iam::594311320189:role/aws-service-role/autoscaling.amazonaws.com/AWSServiceRoleForAutoScaling",
            "suspended_processes": null,
            "tag": [
              {
                "key": "Name",
                "propagate_at_launch": true,
                "value": "webserver-stage"
              }
            ],
            "tags": null,
            "target_group_arns": [
              "arn:aws:elasticloadbalancing:ap-northeast-2:594311320189:targetgroup/webserver-stage-tf-asg-tg-exam/70fbe5bf8d0b7fbf"
            ],
            "termination_policies": null,
            "timeouts": null,
            "vpc_zone_identifier": [
              "subnet-04d9e759732c38938",
              "subnet-059f5a923cafcf992",
              "subnet-06a4d52474aa7cba7",
              "subnet-0ca46d98c9f04910a"
            ],
            "wait_for_capacity_timeout": "10m",
            "wait_for_elb_capacity": null,
            "warm_pool": []
          },
          "sensitive_attributes": [],
          "private": "eyJlMmJmYjczMC1lY2FhLTExZTYtOGY4OC0zNDM2M2JjN2M0YzAiOnsiZGVsZXRlIjo2MDAwMDAwMDAwMDAsInVwZGF0ZSI6NjAwMDAwMDAwMDAwfX0=",
          "dependencies": [
            "module.webserver_cluster.aws_launch_configuration.asg_lc_exam",
            "module.webserver_cluster.aws_lb_target_group.asg_tg",
            "module.webserver_cluster.aws_security_group.appsg",
            "module.webserver_cluster.data.aws_subnets.default",
            "module.webserver_cluster.data.aws_vpc.default",
            "module.webserver_cluster.data.template_file.user_data"
          ]
        }
      ]
    },
    {
      "module": "module.webserver_cluster",
      "mode": "managed",
      "type": "aws_launch_configuration",
      "name": "asg_lc_exam",
      "provider": "provider[\"registry.terraform.io/hashicorp/aws\"]",
      "instances": [
        {
          "schema_version": 0,
          "attributes": {
            "arn": "arn:aws:autoscaling:ap-northeast-2:594311320189:launchConfiguration:b4303641-18ca-4632-8780-55a2fbe54ac6:launchConfigurationName/terraform-20230211170401786800000001",
            "associate_public_ip_address": false,
            "ebs_block_device": [],
            "ebs_optimized": false,
            "enable_monitoring": true,
            "ephemeral_block_device": [],
            "iam_instance_profile": "",
            "id": "terraform-20230211170401786800000001",
            "image_id": "ami-003bb1772f36a39a3",
            "instance_type": "t3.nano",
            "key_name": "",
            "metadata_options": [],
            "name": "terraform-20230211170401786800000001",
            "name_prefix": "terraform-",
            "placement_tenancy": "",
            "root_block_device": [],
            "security_groups": [
              "sg-0b90eb4b54f50404c"
            ],
            "spot_price": "",
            "user_data": "db15d03f934f8018d118e8960d82ac06b315f9a3",
            "user_data_base64": null,
            "vpc_classic_link_id": "",
            "vpc_classic_link_security_groups": null
          },
          "sensitive_attributes": [],
          "private": "bnVsbA==",
          "dependencies": [
            "module.webserver_cluster.aws_security_group.appsg",
            "module.webserver_cluster.data.template_file.user_data"
          ],
          "create_before_destroy": true
        }
      ]
    },
    {
      "module": "module.webserver_cluster",
      "mode": "managed",
      "type": "aws_lb",
      "name": "alb_exam",
      "provider": "provider[\"registry.terraform.io/hashicorp/aws\"]",
      "instances": [
        {
          "schema_version": 0,
          "attributes": {
            "access_logs": [
              {
                "bucket": "",
                "enabled": false,
                "prefix": ""
              }
            ],
            "arn": "arn:aws:elasticloadbalancing:ap-northeast-2:594311320189:loadbalancer/app/webserver-stage-alb-exam/8c47097e15fa6595",
            "arn_suffix": "app/webserver-stage-alb-exam/8c47097e15fa6595",
            "customer_owned_ipv4_pool": "",
            "desync_mitigation_mode": "defensive",
            "dns_name": "webserver-stage-alb-exam-527415821.ap-northeast-2.elb.amazonaws.com",
            "drop_invalid_header_fields": false,
            "enable_cross_zone_load_balancing": true,
            "enable_deletion_protection": false,
            "enable_http2": true,
            "enable_waf_fail_open": false,
            "id": "arn:aws:elasticloadbalancing:ap-northeast-2:594311320189:loadbalancer/app/webserver-stage-alb-exam/8c47097e15fa6595",
            "idle_timeout": 60,
            "internal": false,
            "ip_address_type": "ipv4",
            "load_balancer_type": "application",
            "name": "webserver-stage-alb-exam",
            "name_prefix": null,
            "preserve_host_header": false,
            "security_groups": [
              "sg-0b6b341057826aa58"
            ],
            "subnet_mapping": [
              {
                "allocation_id": "",
                "ipv6_address": "",
                "outpost_id": "",
                "private_ipv4_address": "",
                "subnet_id": "subnet-04d9e759732c38938"
              },
              {
                "allocation_id": "",
                "ipv6_address": "",
                "outpost_id": "",
                "private_ipv4_address": "",
                "subnet_id": "subnet-059f5a923cafcf992"
              },
              {
                "allocation_id": "",
                "ipv6_address": "",
                "outpost_id": "",
                "private_ipv4_address": "",
                "subnet_id": "subnet-06a4d52474aa7cba7"
              },
              {
                "allocation_id": "",
                "ipv6_address": "",
                "outpost_id": "",
                "private_ipv4_address": "",
                "subnet_id": "subnet-0ca46d98c9f04910a"
              }
            ],
            "subnets": [
              "subnet-04d9e759732c38938",
              "subnet-059f5a923cafcf992",
              "subnet-06a4d52474aa7cba7",
              "subnet-0ca46d98c9f04910a"
            ],
            "tags": null,
            "tags_all": {},
            "timeouts": null,
            "vpc_id": "vpc-05244b44fae14387b",
            "zone_id": "ZWKZPGTI48KDX"
          },
          "sensitive_attributes": [],
          "private": "eyJlMmJmYjczMC1lY2FhLTExZTYtOGY4OC0zNDM2M2JjN2M0YzAiOnsiY3JlYXRlIjo2MDAwMDAwMDAwMDAsImRlbGV0ZSI6NjAwMDAwMDAwMDAwLCJ1cGRhdGUiOjYwMDAwMDAwMDAwMH19",
          "dependencies": [
            "module.webserver_cluster.aws_security_group.alb",
            "module.webserver_cluster.data.aws_subnets.default"
          ]
        }
      ]
    },
    {
      "module": "module.webserver_cluster",
      "mode": "managed",
      "type": "aws_lb_listener",
      "name": "http",
      "provider": "provider[\"registry.terraform.io/hashicorp/aws\"]",
      "instances": [
        {
          "schema_version": 0,
          "attributes": {
            "alpn_policy": null,
            "arn": "arn:aws:elasticloadbalancing:ap-northeast-2:594311320189:listener/app/webserver-stage-alb-exam/8c47097e15fa6595/114a1be2f7da1756",
            "certificate_arn": null,
            "default_action": [
              {
                "authenticate_cognito": [],
                "authenticate_oidc": [],
                "fixed_response": [
                  {
                    "content_type": "text/plain",
                    "message_body": "404:page not found",
                    "status_code": "404"
                  }
                ],
                "forward": [],
                "order": 1,
                "redirect": [],
                "target_group_arn": "",
                "type": "fixed-response"
              }
            ],
            "id": "arn:aws:elasticloadbalancing:ap-northeast-2:594311320189:listener/app/webserver-stage-alb-exam/8c47097e15fa6595/114a1be2f7da1756",
            "load_balancer_arn": "arn:aws:elasticloadbalancing:ap-northeast-2:594311320189:loadbalancer/app/webserver-stage-alb-exam/8c47097e15fa6595",
            "port": 80,
            "protocol": "HTTP",
            "ssl_policy": "",
            "tags": null,
            "tags_all": {},
            "timeouts": null
          },
          "sensitive_attributes": [],
          "private": "eyJlMmJmYjczMC1lY2FhLTExZTYtOGY4OC0zNDM2M2JjN2M0YzAiOnsicmVhZCI6NjAwMDAwMDAwMDAwfX0=",
          "dependencies": [
            "module.webserver_cluster.aws_lb.alb_exam",
            "module.webserver_cluster.aws_security_group.alb",
            "module.webserver_cluster.data.aws_subnets.default"
          ]
        }
      ]
    },
    {
      "module": "module.webserver_cluster",
      "mode": "managed",
      "type": "aws_lb_listener_rule",
      "name": "asg",
      "provider": "provider[\"registry.terraform.io/hashicorp/aws\"]",
      "instances": [
        {
          "schema_version": 0,
          "attributes": {
            "action": [
              {
                "authenticate_cognito": [],
                "authenticate_oidc": [],
                "fixed_response": [],
                "forward": [],
                "order": 1,
                "redirect": [],
                "target_group_arn": "arn:aws:elasticloadbalancing:ap-northeast-2:594311320189:targetgroup/webserver-stage-tf-asg-tg-exam/70fbe5bf8d0b7fbf",
                "type": "forward"
              }
            ],
            "arn": "arn:aws:elasticloadbalancing:ap-northeast-2:594311320189:listener-rule/app/webserver-stage-alb-exam/8c47097e15fa6595/114a1be2f7da1756/03cf66b0eec02c95",
            "condition": [
              {
                "host_header": [],
                "http_header": [],
                "http_request_method": [],
                "path_pattern": [
                  {
                    "values": [
                      "*"
                    ]
                  }
                ],
                "query_string": [],
                "source_ip": []
              }
            ],
            "id": "arn:aws:elasticloadbalancing:ap-northeast-2:594311320189:listener-rule/app/webserver-stage-alb-exam/8c47097e15fa6595/114a1be2f7da1756/03cf66b0eec02c95",
            "listener_arn": "arn:aws:elasticloadbalancing:ap-northeast-2:594311320189:listener/app/webserver-stage-alb-exam/8c47097e15fa6595/114a1be2f7da1756",
            "priority": 100,
            "tags": null,
            "tags_all": {}
          },
          "sensitive_attributes": [],
          "private": "bnVsbA==",
          "dependencies": [
            "module.webserver_cluster.aws_lb.alb_exam",
            "module.webserver_cluster.aws_lb_listener.http",
            "module.webserver_cluster.aws_lb_target_group.asg_tg",
            "module.webserver_cluster.aws_security_group.alb",
            "module.webserver_cluster.data.aws_subnets.default",
            "module.webserver_cluster.data.aws_vpc.default"
          ]
        }
      ]
    },
    {
      "module": "module.webserver_cluster",
      "mode": "managed",
      "type": "aws_lb_target_group",
      "name": "asg_tg",
      "provider": "provider[\"registry.terraform.io/hashicorp/aws\"]",
      "instances": [
        {
          "schema_version": 0,
          "attributes": {
            "arn": "arn:aws:elasticloadbalancing:ap-northeast-2:594311320189:targetgroup/webserver-stage-tf-asg-tg-exam/70fbe5bf8d0b7fbf",
            "arn_suffix": "targetgroup/webserver-stage-tf-asg-tg-exam/70fbe5bf8d0b7fbf",
            "connection_termination": false,
            "deregistration_delay": "300",
            "health_check": [
              {
                "enabled": true,
                "healthy_threshold": 2,
                "interval": 15,
                "matcher": "200",
                "path": "/",
                "port": "traffic-port",
                "protocol": "HTTP",
                "timeout": 3,
                "unhealthy_threshold": 2
              }
            ],
            "id": "arn:aws:elasticloadbalancing:ap-northeast-2:594311320189:targetgroup/webserver-stage-tf-asg-tg-exam/70fbe5bf8d0b7fbf",
            "ip_address_type": "ipv4",
            "lambda_multi_value_headers_enabled": false,
            "load_balancing_algorithm_type": "round_robin",
            "name": "webserver-stage-tf-asg-tg-exam",
            "name_prefix": null,
            "port": 8080,
            "preserve_client_ip": null,
            "protocol": "HTTP",
            "protocol_version": "HTTP1",
            "proxy_protocol_v2": false,
            "slow_start": 0,
            "stickiness": [
              {
                "cookie_duration": 86400,
                "cookie_name": "",
                "enabled": false,
                "type": "lb_cookie"
              }
            ],
            "tags": null,
            "tags_all": {},
            "target_failover": [
              {
                "on_deregistration": null,
                "on_unhealthy": null
              }
            ],
            "target_type": "instance",
            "vpc_id": "vpc-05244b44fae14387b"
          },
          "sensitive_attributes": [],
          "private": "bnVsbA==",
          "dependencies": [
            "module.webserver_cluster.data.aws_vpc.default"
          ]
        }
      ]
    },
    {
      "module": "module.webserver_cluster",
      "mode": "managed",
      "type": "aws_security_group",
      "name": "alb",
      "provider": "provider[\"registry.terraform.io/hashicorp/aws\"]",
      "instances": [
        {
          "schema_version": 1,
          "attributes": {
            "arn": "arn:aws:ec2:ap-northeast-2:594311320189:security-group/sg-0b6b341057826aa58",
            "description": "Managed by Terraform",
            "egress": [],
            "id": "sg-0b6b341057826aa58",
            "ingress": [],
            "name": "webserver-stage-alb",
            "name_prefix": "",
            "owner_id": "594311320189",
            "revoke_rules_on_delete": false,
            "tags": null,
            "tags_all": {},
            "timeouts": null,
            "vpc_id": "vpc-05244b44fae14387b"
          },
          "sensitive_attributes": [],
          "private": "eyJlMmJmYjczMC1lY2FhLTExZTYtOGY4OC0zNDM2M2JjN2M0YzAiOnsiY3JlYXRlIjo2MDAwMDAwMDAwMDAsImRlbGV0ZSI6OTAwMDAwMDAwMDAwfSwic2NoZW1hX3ZlcnNpb24iOiIxIn0="
        }
      ]
    },
    {
      "module": "module.webserver_cluster",
      "mode": "managed",
      "type": "aws_security_group",
      "name": "appsg",
      "provider": "provider[\"registry.terraform.io/hashicorp/aws\"]",
      "instances": [
        {
          "schema_version": 1,
          "attributes": {
            "arn": "arn:aws:ec2:ap-northeast-2:594311320189:security-group/sg-0b90eb4b54f50404c",
            "description": "Managed by Terraform",
            "egress": [],
            "id": "sg-0b90eb4b54f50404c",
            "ingress": [
              {
                "cidr_blocks": [
                  "0.0.0.0/0"
                ],
                "description": "HTTP",
                "from_port": 8080,
                "ipv6_cidr_blocks": [],
                "prefix_list_ids": [],
                "protocol": "tcp",
                "security_groups": [],
                "self": false,
                "to_port": 8080
              }
            ],
            "name": "webserver-stage-instance",
            "name_prefix": "",
            "owner_id": "594311320189",
            "revoke_rules_on_delete": false,
            "tags": null,
            "tags_all": {},
            "timeouts": null,
            "vpc_id": "vpc-05244b44fae14387b"
          },
          "sensitive_attributes": [],
          "private": "eyJlMmJmYjczMC1lY2FhLTExZTYtOGY4OC0zNDM2M2JjN2M0YzAiOnsiY3JlYXRlIjo2MDAwMDAwMDAwMDAsImRlbGV0ZSI6OTAwMDAwMDAwMDAwfSwic2NoZW1hX3ZlcnNpb24iOiIxIn0=",
          "create_before_destroy": true
        }
      ]
    },
    {
      "module": "module.webserver_cluster",
      "mode": "managed",
      "type": "aws_security_group_rule",
      "name": "allow_http_inbound",
      "provider": "provider[\"registry.terraform.io/hashicorp/aws\"]",
      "instances": [
        {
          "schema_version": 2,
          "attributes": {
            "cidr_blocks": [
              "0.0.0.0/0"
            ],
            "description": null,
            "from_port": 80,
            "id": "sgrule-76246621",
            "ipv6_cidr_blocks": null,
            "prefix_list_ids": null,
            "protocol": "tcp",
            "security_group_id": "sg-0b6b341057826aa58",
            "security_group_rule_id": "sgr-012a5db537ba79282",
            "self": false,
            "source_security_group_id": null,
            "timeouts": null,
            "to_port": 80,
            "type": "ingress"
          },
          "sensitive_attributes": [],
          "private": "eyJlMmJmYjczMC1lY2FhLTExZTYtOGY4OC0zNDM2M2JjN2M0YzAiOnsiY3JlYXRlIjozMDAwMDAwMDAwMDB9LCJzY2hlbWFfdmVyc2lvbiI6IjIifQ==",
          "dependencies": [
            "module.webserver_cluster.aws_security_group.alb"
          ]
        }
      ]
    },
    {
      "module": "module.webserver_cluster",
      "mode": "managed",
      "type": "aws_security_group_rule",
      "name": "allow_http_outbound",
      "provider": "provider[\"registry.terraform.io/hashicorp/aws\"]",
      "instances": [
        {
          "schema_version": 2,
          "attributes": {
            "cidr_blocks": [
              "0.0.0.0/0"
            ],
            "description": null,
            "from_port": 0,
            "id": "sgrule-3695376015",
            "ipv6_cidr_blocks": null,
            "prefix_list_ids": null,
            "protocol": "tcp",
            "security_group_id": "sg-0b6b341057826aa58",
            "security_group_rule_id": "sgr-094a2be17e5ae4358",
            "self": false,
            "source_security_group_id": null,
            "timeouts": null,
            "to_port": 0,
            "type": "egress"
          },
          "sensitive_attributes": [],
          "private": "eyJlMmJmYjczMC1lY2FhLTExZTYtOGY4OC0zNDM2M2JjN2M0YzAiOnsiY3JlYXRlIjozMDAwMDAwMDAwMDB9LCJzY2hlbWFfdmVyc2lvbiI6IjIifQ==",
          "dependencies": [
            "module.webserver_cluster.aws_security_group.alb"
          ]
        }
      ]
    }
  ],
  "check_results": null
}
